// !$*UTF8*$!
{
	archiveVersion = 1;
	classes = {
	};
	objectVersion = 50;
	objects = {

/* Begin PBXBuildFile section */
		AB4657BF242FF24900630158 /* MapaView.swift in Sources */ = {isa = PBXBuildFile; fileRef = AB4657BE242FF24900630158 /* MapaView.swift */; };
		ABEBF49D242DA31400459CD9 /* AppDelegate.swift in Sources */ = {isa = PBXBuildFile; fileRef = ABEBF49C242DA31400459CD9 /* AppDelegate.swift */; };
		ABEBF49F242DA31400459CD9 /* SceneDelegate.swift in Sources */ = {isa = PBXBuildFile; fileRef = ABEBF49E242DA31400459CD9 /* SceneDelegate.swift */; };
		ABEBF4A1242DA31400459CD9 /* ContentView.swift in Sources */ = {isa = PBXBuildFile; fileRef = ABEBF4A0242DA31400459CD9 /* ContentView.swift */; };
		ABEBF4A3242DA31600459CD9 /* Assets.xcassets in Resources */ = {isa = PBXBuildFile; fileRef = ABEBF4A2242DA31600459CD9 /* Assets.xcassets */; };
		ABEBF4A6242DA31600459CD9 /* Preview Assets.xcassets in Resources */ = {isa = PBXBuildFile; fileRef = ABEBF4A5242DA31600459CD9 /* Preview Assets.xcassets */; };
		ABEBF4A9242DA31600459CD9 /* LaunchScreen.storyboard in Resources */ = {isa = PBXBuildFile; fileRef = ABEBF4A7242DA31600459CD9 /* LaunchScreen.storyboard */; };
		ABEBF4B5242DA47200459CD9 /* Viagem.swift in Sources */ = {isa = PBXBuildFile; fileRef = ABEBF4B4242DA47200459CD9 /* Viagem.swift */; };
		ABEBF4B7242DA4D300459CD9 /* Dados.swift in Sources */ = {isa = PBXBuildFile; fileRef = ABEBF4B6242DA4D300459CD9 /* Dados.swift */; };
		ABEBF4B9242DA64600459CD9 /* viagens.json in Resources */ = {isa = PBXBuildFile; fileRef = ABEBF4B8242DA64600459CD9 /* viagens.json */; };
		ABF406AB242E5B840009BA30 /* HeaderView.swift in Sources */ = {isa = PBXBuildFile; fileRef = ABF406AA242E5B840009BA30 /* HeaderView.swift */; };
		ABF406AD242E5DD00009BA30 /* CelulaViagemView.swift in Sources */ = {isa = PBXBuildFile; fileRef = ABF406AC242E5DD00009BA30 /* CelulaViagemView.swift */; };
/* End PBXBuildFile section */

/* Begin PBXFileReference section */
		AB4657BE242FF24900630158 /* MapaView.swift */ = {isa = PBXFileReference; lastKnownFileType = sourcecode.swift; path = MapaView.swift; sourceTree = "<group>"; };
		ABEBF499242DA31400459CD9 /* viagens.app */ = {isa = PBXFileReference; explicitFileType = wrapper.application; includeInIndex = 0; path = viagens.app; sourceTree = BUILT_PRODUCTS_DIR; };
		ABEBF49C242DA31400459CD9 /* AppDelegate.swift */ = {isa = PBXFileReference; lastKnownFileType = sourcecode.swift; path = AppDelegate.swift; sourceTree = "<group>"; };
		ABEBF49E242DA31400459CD9 /* SceneDelegate.swift */ = {isa = PBXFileReference; lastKnownFileType = sourcecode.swift; path = SceneDelegate.swift; sourceTree = "<group>"; };
		ABEBF4A0242DA31400459CD9 /* ContentView.swift */ = {isa = PBXFileReference; lastKnownFileType = sourcecode.swift; path = ContentView.swift; sourceTree = "<group>"; };
		ABEBF4A2242DA31600459CD9 /* Assets.xcassets */ = {isa = PBXFileReference; lastKnownFileType = folder.assetcatalog; path = Assets.xcassets; sourceTree = "<group>"; };
		ABEBF4A5242DA31600459CD9 /* Preview Assets.xcassets */ = {isa = PBXFileReference; lastKnownFileType = folder.assetcatalog; path = "Preview Assets.xcassets"; sourceTree = "<group>"; };
		ABEBF4A8242DA31600459CD9 /* Base */ = {isa = PBXFileReference; lastKnownFileType = file.storyboard; name = Base; path = Base.lproj/LaunchScreen.storyboard; sourceTree = "<group>"; };
		ABEBF4AA242DA31600459CD9 /* Info.plist */ = {isa = PBXFileReference; lastKnownFileType = text.plist.xml; path = Info.plist; sourceTree = "<group>"; };
		ABEBF4B4242DA47200459CD9 /* Viagem.swift */ = {isa = PBXFileReference; lastKnownFileType = sourcecode.swift; path = Viagem.swift; sourceTree = "<group>"; };
		ABEBF4B6242DA4D300459CD9 /* Dados.swift */ = {isa = PBXFileReference; lastKnownFileType = sourcecode.swift; path = Dados.swift; sourceTree = "<group>"; };
		ABEBF4B8242DA64600459CD9 /* viagens.json */ = {isa = PBXFileReference; fileEncoding = 4; lastKnownFileType = text.json; path = viagens.json; sourceTree = "<group>"; };
		ABF406AA242E5B840009BA30 /* HeaderView.swift */ = {isa = PBXFileReference; lastKnownFileType = sourcecode.swift; path = HeaderView.swift; sourceTree = "<group>"; };
		ABF406AC242E5DD00009BA30 /* CelulaViagemView.swift */ = {isa = PBXFileReference; lastKnownFileType = sourcecode.swift; path = CelulaViagemView.swift; sourceTree = "<group>"; };
/* End PBXFileReference section */

/* Begin PBXFrameworksBuildPhase section */
		ABEBF496242DA31400459CD9 /* Frameworks */ = {
			isa = PBXFrameworksBuildPhase;
			buildActionMask = 2147483647;
			files = (
			);
			runOnlyForDeploymentPostprocessing = 0;
		};
/* End PBXFrameworksBuildPhase section */

/* Begin PBXGroup section */
		ABEBF490242DA31400459CD9 = {
			isa = PBXGroup;
			children = (
				ABEBF49B242DA31400459CD9 /* viagens */,
				ABEBF49A242DA31400459CD9 /* Products */,
			);
			sourceTree = "<group>";
		};
		ABEBF49A242DA31400459CD9 /* Products */ = {
			isa = PBXGroup;
			children = (
				ABEBF499242DA31400459CD9 /* viagens.app */,
			);
			name = Products;
			sourceTree = "<group>";
		};
		ABEBF49B242DA31400459CD9 /* viagens */ = {
			isa = PBXGroup;
			children = (
				ABEBF4B3242DA44E00459CD9 /* Models */,
				ABF406A9242E5B550009BA30 /* Views */,
				ABEBF49C242DA31400459CD9 /* AppDelegate.swift */,
				ABEBF49E242DA31400459CD9 /* SceneDelegate.swift */,
				ABEBF4A2242DA31600459CD9 /* Assets.xcassets */,
				ABEBF4B8242DA64600459CD9 /* viagens.json */,
				ABEBF4A7242DA31600459CD9 /* LaunchScreen.storyboard */,
				ABEBF4AA242DA31600459CD9 /* Info.plist */,
				ABEBF4A4242DA31600459CD9 /* Preview Content */,
			);
			path = viagens;
			sourceTree = "<group>";
		};
		ABEBF4A4242DA31600459CD9 /* Preview Content */ = {
			isa = PBXGroup;
			children = (
				ABEBF4A5242DA31600459CD9 /* Preview Assets.xcassets */,
			);
			path = "Preview Content";
			sourceTree = "<group>";
		};
		ABEBF4B3242DA44E00459CD9 /* Models */ = {
			isa = PBXGroup;
			children = (
				ABEBF4B4242DA47200459CD9 /* Viagem.swift */,
				ABEBF4B6242DA4D300459CD9 /* Dados.swift */,
			);
			path = Models;
			sourceTree = "<group>";
		};
		ABF406A9242E5B550009BA30 /* Views */ = {
			isa = PBXGroup;
			children = (
				ABF406AA242E5B840009BA30 /* HeaderView.swift */,
				ABEBF4A0242DA31400459CD9 /* ContentView.swift */,
				ABF406AC242E5DD00009BA30 /* CelulaViagemView.swift */,
				AB4657BE242FF24900630158 /* MapaView.swift */,
			);
			path = Views;
			sourceTree = "<group>";
		};
/* End PBXGroup section */

/* Begin PBXNativeTarget section */
		ABEBF498242DA31400459CD9 /* viagens */ = {
			isa = PBXNativeTarget;
			buildConfigurationList = ABEBF4AD242DA31600459CD9 /* Build configuration list for PBXNativeTarget "viagens" */;
			buildPhases = (
				ABEBF495242DA31400459CD9 /* Sources */,
				ABEBF496242DA31400459CD9 /* Frameworks */,
				ABEBF497242DA31400459CD9 /* Resources */,
			);
			buildRules = (
			);
			dependencies = (
			);
			name = viagens;
			productName = viagens;
			productReference = ABEBF499242DA31400459CD9 /* viagens.app */;
			productType = "com.apple.product-type.application";
		};
/* End PBXNativeTarget section */

/* Begin PBXProject section */
		ABEBF491242DA31400459CD9 /* Project object */ = {
			isa = PBXProject;
			attributes = {
				LastSwiftUpdateCheck = 1140;
				LastUpgradeCheck = 1140;
				ORGANIZATIONNAME = "Beto Alves";
				TargetAttributes = {
					ABEBF498242DA31400459CD9 = {
						CreatedOnToolsVersion = 11.4;
					};
				};
			};
			buildConfigurationList = ABEBF494242DA31400459CD9 /* Build configuration list for PBXProject "viagens" */;
			compatibilityVersion = "Xcode 9.3";
			developmentRegion = en;
			hasScannedForEncodings = 0;
			knownRegions = (
				en,
				Base,
			);
			mainGroup = ABEBF490242DA31400459CD9;
			productRefGroup = ABEBF49A242DA31400459CD9 /* Products */;
			projectDirPath = "";
			projectRoot = "";
			targets = (
				ABEBF498242DA31400459CD9 /* viagens */,
			);
		};
/* End PBXProject section */

/* Begin PBXResourcesBuildPhase section */
		ABEBF497242DA31400459CD9 /* Resources */ = {
			isa = PBXResourcesBuildPhase;
			buildActionMask = 2147483647;
			files = (
				ABEBF4A9242DA31600459CD9 /* LaunchScreen.storyboard in Resources */,
				ABEBF4B9242DA64600459CD9 /* viagens.json in Resources */,
				ABEBF4A6242DA31600459CD9 /* Preview Assets.xcassets in Resources */,
				ABEBF4A3242DA31600459CD9 /* Assets.xcassets in Resources */,
			);
			runOnlyForDeploymentPostprocessing = 0;
		};
/* End PBXResourcesBuildPhase section */

/* Begin PBXSourcesBuildPhase section */
		ABEBF495242DA31400459CD9 /* Sources */ = {
			isa = PBXSourcesBuildPhase;
			buildActionMask = 2147483647;
			files = (
				ABEBF4B5242DA47200459CD9 /* Viagem.swift in Sources */,
				ABF406AB242E5B840009BA30 /* HeaderView.swift in Sources */,
				ABEBF49D242DA31400459CD9 /* AppDelegate.swift in Sources */,
				AB4657BF242FF24900630158 /* MapaView.swift in Sources */,
				ABF406AD242E5DD00009BA30 /* CelulaViagemView.swift in Sources */,
				ABEBF49F242DA31400459CD9 /* SceneDelegate.swift in Sources */,
				ABEBF4A1242DA31400459CD9 /* ContentView.swift in Sources */,
				ABEBF4B7242DA4D300459CD9 /* Dados.swift in Sources */,
			);
			runOnlyForDeploymentPostprocessing = 0;
		};
/* End PBXSourcesBuildPhase section */

/* Begin PBXVariantGroup section */
		ABEBF4A7242DA31600459CD9 /* LaunchScreen.storyboard */ = {
			isa = PBXVariantGroup;
			children = (
				ABEBF4A8242DA31600459CD9 /* Base */,
			);
			name = LaunchScreen.storyboard;
			sourceTree = "<group>";
		};
/* End PBXVariantGroup section */

/* Begin XCBuildConfiguration section */
		ABEBF4AB242DA31600459CD9 /* Debug */ = {
			isa = XCBuildConfiguration;
			buildSettings = {
				ALWAYS_SEARCH_USER_PATHS = NO;
				CLANG_ANALYZER_NONNULL = YES;
				CLANG_ANALYZER_NUMBER_OBJECT_CONVERSION = YES_AGGRESSIVE;
				CLANG_CXX_LANGUAGE_STANDARD = "gnu++14";
				CLANG_CXX_LIBRARY = "libc++";
				CLANG_ENABLE_MODULES = YES;
				CLANG_ENABLE_OBJC_ARC = YES;
				CLANG_ENABLE_OBJC_WEAK = YES;
				CLANG_WARN_BLOCK_CAPTURE_AUTORELEASING = YES;
				CLANG_WARN_BOOL_CONVERSION = YES;
				CLANG_WARN_COMMA = YES;
				CLANG_WARN_CONSTANT_CONVERSION = YES;
				CLANG_WARN_DEPRECATED_OBJC_IMPLEMENTATIONS = YES;
				CLANG_WARN_DIRECT_OBJC_ISA_USAGE = YES_ERROR;
				CLANG_WARN_DOCUMENTATION_COMMENTS = YES;
				CLANG_WARN_EMPTY_BODY = YES;
				CLANG_WARN_ENUM_CONVERSION = YES;
				CLANG_WARN_INFINITE_RECURSION = YES;
				CLANG_WARN_INT_CONVERSION = YES;
				CLANG_WARN_NON_LITERAL_NULL_CONVERSION = YES;
				CLANG_WARN_OBJC_IMPLICIT_RETAIN_SELF = YES;
				CLANG_WARN_OBJC_LITERAL_CONVERSION = YES;
				CLANG_WARN_OBJC_ROOT_CLASS = YES_ERROR;
				CLANG_WARN_RANGE_LOOP_ANALYSIS = YES;
				CLANG_WARN_STRICT_PROTOTYPES = YES;
				CLANG_WARN_SUSPICIOUS_MOVE = YES;
				CLANG_WARN_UNGUARDED_AVAILABILITY = YES_AGGRESSIVE;
				CLANG_WARN_UNREACHABLE_CODE = YES;
				CLANG_WARN__DUPLICATE_METHOD_MATCH = YES;
				COPY_PHASE_STRIP = NO;
				DEBUG_INFORMATION_FORMAT = dwarf;
				ENABLE_STRICT_OBJC_MSGSEND = YES;
				ENABLE_TESTABILITY = YES;
				GCC_C_LANGUAGE_STANDARD = gnu11;
				GCC_DYNAMIC_NO_PIC = NO;
				GCC_NO_COMMON_BLOCKS = YES;
				GCC_OPTIMIZATION_LEVEL = 0;
				GCC_PREPROCESSOR_DEFINITIONS = (
					"DEBUG=1",
					"$(inherited)",
				);
				GCC_WARN_64_TO_32_BIT_CONVERSION = YES;
				GCC_WARN_ABOUT_RETURN_TYPE = YES_ERROR;
				GCC_WARN_UNDECLARED_SELECTOR = YES;
				GCC_WARN_UNINITIALIZED_AUTOS = YES_AGGRESSIVE;
				GCC_WARN_UNUSED_FUNCTION = YES;
				GCC_WARN_UNUSED_VARIABLE = YES;
				IPHONEOS_DEPLOYMENT_TARGET = 13.4;
				MTL_ENABLE_DEBUG_INFO = INCLUDE_SOURCE;
				MTL_FAST_MATH = YES;
				ONLY_ACTIVE_ARCH = YES;
				SDKROOT = iphoneos;
				SWIFT_ACTIVE_COMPILATION_CONDITIONS = DEBUG;
				SWIFT_OPTIMIZATION_LEVEL = "-Onone";
			};
			name = Debug;
		};
		ABEBF4AC242DA31600459CD9 /* Release */ = {
			isa = XCBuildConfiguration;
			buildSettings = {
				ALWAYS_SEARCH_USER_PATHS = NO;
				CLANG_ANALYZER_NONNULL = YES;
				CLANG_ANALYZER_NUMBER_OBJECT_CONVERSION = YES_AGGRESSIVE;
				CLANG_CXX_LANGUAGE_STANDARD = "gnu++14";
				CLANG_CXX_LIBRARY = "libc++";
				CLANG_ENABLE_MODULES = YES;
				CLANG_ENABLE_OBJC_ARC = YES;
				CLANG_ENABLE_OBJC_WEAK = YES;
				CLANG_WARN_BLOCK_CAPTURE_AUTORELEASING = YES;
				CLANG_WARN_BOOL_CONVERSION = YES;
				CLANG_WARN_COMMA = YES;
				CLANG_WARN_CONSTANT_CONVERSION = YES;
				CLANG_WARN_DEPRECATED_OBJC_IMPLEMENTATIONS = YES;
				CLANG_WARN_DIRECT_OBJC_ISA_USAGE = YES_ERROR;
				CLANG_WARN_DOCUMENTATION_COMMENTS = YES;
				CLANG_WARN_EMPTY_BODY = YES;
				CLANG_WARN_ENUM_CONVERSION = YES;
				CLANG_WARN_INFINITE_RECURSION = YES;
				CLANG_WARN_INT_CONVERSION = YES;
				CLANG_WARN_NON_LITERAL_NULL_CONVERSION = YES;
				CLANG_WARN_OBJC_IMPLICIT_RETAIN_SELF = YES;
				CLANG_WARN_OBJC_LITERAL_CONVERSION = YES;
				CLANG_WARN_OBJC_ROOT_CLASS = YES_ERROR;
				CLANG_WARN_RANGE_LOOP_ANALYSIS = YES;
				CLANG_WARN_STRICT_PROTOTYPES = YES;
				CLANG_WARN_SUSPICIOUS_MOVE = YES;
				CLANG_WARN_UNGUARDED_AVAILABILITY = YES_AGGRESSIVE;
				CLANG_WARN_UNREACHABLE_CODE = YES;
				CLANG_WARN__DUPLICATE_METHOD_MATCH = YES;
				COPY_PHASE_STRIP = NO;
				DEBUG_INFORMATION_FORMAT = "dwarf-with-dsym";
				ENABLE_NS_ASSERTIONS = NO;
				ENABLE_STRICT_OBJC_MSGSEND = YES;
				GCC_C_LANGUAGE_STANDARD = gnu11;
				GCC_NO_COMMON_BLOCKS = YES;
				GCC_WARN_64_TO_32_BIT_CONVERSION = YES;
				GCC_WARN_ABOUT_RETURN_TYPE = YES_ERROR;
				GCC_WARN_UNDECLARED_SELECTOR = YES;
				GCC_WARN_UNINITIALIZED_AUTOS = YES_AGGRESSIVE;
				GCC_WARN_UNUSED_FUNCTION = YES;
				GCC_WARN_UNUSED_VARIABLE = YES;
				IPHONEOS_DEPLOYMENT_TARGET = 13.4;
				MTL_ENABLE_DEBUG_INFO = NO;
				MTL_FAST_MATH = YES;
				SDKROOT = iphoneos;
				SWIFT_COMPILATION_MODE = wholemodule;
				SWIFT_OPTIMIZATION_LEVEL = "-O";
				VALIDATE_PRODUCT = YES;
			};
			name = Release;
		};
		ABEBF4AE242DA31600459CD9 /* Debug */ = {
			isa = XCBuildConfiguration;
			buildSettings = {
				ASSETCATALOG_COMPILER_APPICON_NAME = AppIcon;
				CODE_SIGN_STYLE = Automatic;
				DEVELOPMENT_ASSET_PATHS = "\"viagens/Preview Content\"";
				DEVELOPMENT_TEAM = V8F597MAQZ;
				ENABLE_PREVIEWS = YES;
				INFOPLIST_FILE = viagens/Info.plist;
				LD_RUNPATH_SEARCH_PATHS = (
					"$(inherited)",
					"@executable_path/Frameworks",
				);
				PRODUCT_BUNDLE_IDENTIFIER = dev.betoalves.viagens;
				PRODUCT_NAME = "$(TARGET_NAME)";
				SWIFT_VERSION = 5.0;
				TARGETED_DEVICE_FAMILY = "1,2";
			};
			name = Debug;
		};
		ABEBF4AF242DA31600459CD9 /* Release */ = {
			isa = XCBuildConfiguration;
			buildSettings = {
				ASSETCATALOG_COMPILER_APPICON_NAME = AppIcon;
				CODE_SIGN_STYLE = Automatic;
				DEVELOPMENT_ASSET_PATHS = "\"viagens/Preview Content\"";
				DEVELOPMENT_TEAM = V8F597MAQZ;
				ENABLE_PREVIEWS = YES;
				INFOPLIST_FILE = viagens/Info.plist;
				LD_RUNPATH_SEARCH_PATHS = (
					"$(inherited)",
					"@executable_path/Frameworks",
				);
				PRODUCT_BUNDLE_IDENTIFIER = dev.betoalves.viagens;
				PRODUCT_NAME = "$(TARGET_NAME)";
				SWIFT_VERSION = 5.0;
				TARGETED_DEVICE_FAMILY = "1,2";
			};
			name = Release;
		};
/* End XCBuildConfiguration section */

/* Begin XCConfigurationList section */
		ABEBF494242DA31400459CD9 /* Build configuration list for PBXProject "viagens" */ = {
			isa = XCConfigurationList;
			buildConfigurations = (
				ABEBF4AB242DA31600459CD9 /* Debug */,
				ABEBF4AC242DA31600459CD9 /* Release */,
			);
			defaultConfigurationIsVisible = 0;
			defaultConfigurationName = Release;
		};
		ABEBF4AD242DA31600459CD9 /* Build configuration list for PBXNativeTarget "viagens" */ = {
			isa = XCConfigurationList;
			buildConfigurations = (
				ABEBF4AE242DA31600459CD9 /* Debug */,
				ABEBF4AF242DA31600459CD9 /* Release */,
			);
			defaultConfigurationIsVisible = 0;
			defaultConfigurationName = Release;
		};
/* End XCConfigurationList section */
	};
	rootObject = ABEBF491242DA31400459CD9 /* Project object */;
}
